{
	"name": "flowjv-react",
	"version": "0.4.4",
	"lockfileVersion": 1,
	"requires": true,
	"dependencies": {
		"@emotion/is-prop-valid": {
			"version": "0.8.8",
			"resolved": "https://registry.npmjs.org/@emotion/is-prop-valid/-/is-prop-valid-0.8.8.tgz",
			"integrity": "sha512-u5WtneEAr5IDG2Wv65yhunPSMLIpuKsbuOktRojfrEiEvRyC85LgPMZI63cr7NUqT8ZIGdSVg8ZKGxIug4lXcA==",
			"optional": true,
			"requires": {
				"@emotion/memoize": "0.7.4"
			}
		},
		"@emotion/memoize": {
			"version": "0.7.4",
			"resolved": "https://registry.npmjs.org/@emotion/memoize/-/memoize-0.7.4.tgz",
			"integrity": "sha512-Ja/Vfqe3HpuzRsG1oBtWTHk2PGZ7GR+2Vz5iYGelAw8dx32K0y7PjVuxK6z1nMpZOqAFsRUPCkK1YjJ56qJlgw==",
			"optional": true
		},
		"@popmotion/easing": {
			"version": "1.0.2",
			"resolved": "https://registry.npmjs.org/@popmotion/easing/-/easing-1.0.2.tgz",
			"integrity": "sha512-IkdW0TNmRnWTeWI7aGQIVDbKXPWHVEYdGgd5ZR4SH/Ty/61p63jCjrPxX1XrR7IGkl08bjhJROStD7j+RKgoIw=="
		},
		"@popmotion/popcorn": {
			"version": "0.4.4",
			"resolved": "https://registry.npmjs.org/@popmotion/popcorn/-/popcorn-0.4.4.tgz",
			"integrity": "sha512-jYO/8319fKoNLMlY4ZJPiPu8Ea8occYwRZhxpaNn/kZsK4QG2E7XFlXZMJBsTWDw7I1i0uaqyC4zn1nwEezLzg==",
			"requires": {
				"@popmotion/easing": "^1.0.1",
				"framesync": "^4.0.1",
				"hey-listen": "^1.0.8",
				"style-value-types": "^3.1.7",
				"tslib": "^1.10.0"
			}
		},
		"@types/classnames": {
			"version": "2.2.10",
			"resolved": "https://registry.npmjs.org/@types/classnames/-/classnames-2.2.10.tgz",
			"integrity": "sha512-1UzDldn9GfYYEsWWnn/P4wkTlkZDH7lDb0wBMGbtIQc9zXEQq7FlKBdZUn6OBqD8sKZZ2RQO2mAjGpXiDGoRmQ=="
		},
		"classnames": {
			"version": "2.2.6",
			"resolved": "https://registry.npmjs.org/classnames/-/classnames-2.2.6.tgz",
			"integrity": "sha512-JR/iSQOSt+LQIWwrwEzJ9uk0xfN3mTVYMwt1Ir5mUcSN6pU+V4zQFFaJsclJbPuAUQH+yfWef6tm7l1quW3C8Q=="
		},
		"flowjv": {
			"version": "0.4.4",
			"resolved": "https://registry.npmjs.org/flowjv/-/flowjv-0.4.4.tgz",
			"integrity": "sha512-9xnuky/r+1hMNoQ2lLuTmFrPfcxfY1eVXnAblgINsqVlYjBM6+4Y7o67FjPdnDsiM7+6c9rn3bhbo+BVXCeMaQ==",
			"requires": {
				"lodash": "^4.17.15"
			}
		},
		"framer-motion": {
			"version": "1.11.1",
			"resolved": "https://registry.npmjs.org/framer-motion/-/framer-motion-1.11.1.tgz",
			"integrity": "sha512-CP6aYLPSivAWkq9UoSurefHBggxG85IT8ObYyWYkcZppgtjHzpwRzhaA8P0ljMGRqtcpeQAIybiGgPioBPlOSw==",
			"requires": {
				"@emotion/is-prop-valid": "^0.8.2",
				"@popmotion/easing": "^1.0.2",
				"@popmotion/popcorn": "^0.4.2",
				"framesync": "^4.0.4",
				"hey-listen": "^1.0.8",
				"popmotion": "9.0.0-beta-8",
				"style-value-types": "^3.1.6",
				"stylefire": "^7.0.2",
				"tslib": "^1.10.0"
			}
		},
		"framesync": {
			"version": "4.0.4",
			"resolved": "https://registry.npmjs.org/framesync/-/framesync-4.0.4.tgz",
			"integrity": "sha512-mdP0WvVHe0/qA62KG2LFUAOiWLng5GLpscRlwzBxu2VXOp6B8hNs5C5XlFigsMgrfDrr2YbqTsgdWZTc4RXRMQ==",
			"requires": {
				"hey-listen": "^1.0.8",
				"tslib": "^1.10.0"
			}
		},
		"hey-listen": {
			"version": "1.0.8",
			"resolved": "https://registry.npmjs.org/hey-listen/-/hey-listen-1.0.8.tgz",
			"integrity": "sha512-COpmrF2NOg4TBWUJ5UVyaCU2A88wEMkUPK4hNqyCkqHbxT92BbvfjoSozkAIIm6XhicGlJHhFdullInrdhwU8Q=="
		},
		"lodash": {
			"version": "4.17.19",
			"resolved": "https://registry.npmjs.org/lodash/-/lodash-4.17.19.tgz",
			"integrity": "sha512-JNvd8XER9GQX0v2qJgsaN/mzFCNA5BRe/j8JN9d+tWyGLSodKQHKFicdwNYzWwI3wjRnaKPsGj1XkBjx/F96DQ=="
		},
		"popmotion": {
			"version": "9.0.0-beta-8",
			"resolved": "https://registry.npmjs.org/popmotion/-/popmotion-9.0.0-beta-8.tgz",
			"integrity": "sha512-6eQzqursPvnP7ePvdfPeY4wFHmS3OLzNP8rJRvmfFfEIfpFqrQgLsM50Gd9AOvGKJtYJOFknNG+dsnzCpgIdAA==",
			"requires": {
				"@popmotion/easing": "^1.0.1",
				"@popmotion/popcorn": "^0.4.2",
				"framesync": "^4.0.4",
				"hey-listen": "^1.0.8",
				"style-value-types": "^3.1.6",
				"tslib": "^1.10.0"
			}
		},
		"style-value-types": {
			"version": "3.1.7",
			"resolved": "https://registry.npmjs.org/style-value-types/-/style-value-types-3.1.7.tgz",
			"integrity": "sha512-jPaG5HcAPs3vetSwOJozrBXxuHo9tjZVnbRyBjxqb00c2saIoeuBJc1/2MtvB8eRZy41u/BBDH0CpfzWixftKg==",
			"requires": {
				"hey-listen": "^1.0.8",
				"tslib": "^1.10.0"
			}
		},
		"stylefire": {
			"version": "7.0.3",
			"resolved": "https://registry.npmjs.org/stylefire/-/stylefire-7.0.3.tgz",
			"integrity": "sha512-Q0l7NSeFz/OkX+o6/7Zg3VZxSAZeQzQpYomWmIpOehFM/rJNMSLVX5fgg6Q48ut2ETNKwdhm97mPNU643EBCoQ==",
			"requires": {
				"@popmotion/popcorn": "^0.4.4",
				"framesync": "^4.0.0",
				"hey-listen": "^1.0.8",
				"style-value-types": "^3.1.7",
				"tslib": "^1.10.0"
			}
		},
		"tslib": {
			"version": "1.13.0",
			"resolved": "https://registry.npmjs.org/tslib/-/tslib-1.13.0.tgz",
			"integrity": "sha512-i/6DQjL8Xf3be4K/E6Wgpekn5Qasl1usyw++dAA35Ue5orEn65VIxOA+YvNNl9HV3qv70T7CNwjODHZrLwvd1Q=="
		}
	}
}
